
Microsoft Visual Studio Solution File, Format Version 12.00
# Visual Studio Version 16
VisualStudioVersion = 16.0.32630.194
MinimumVisualStudioVersion = 10.0.40219.1
Project("{FAE04EC0-301F-11D3-BF4B-00C04F79EFBC}") = "WindowsFormsApp1", "WindowsFormsApp1\WindowsFormsApp1.csproj", "{26181A15-F0A7-41A5-97E1-434434D47F50}"
EndProject
Global
	GlobalSection(SolutionConfigurationPlatforms) = preSolution
		Debug|Any CPU = Debug|Any CPU
		Release|Any CPU = Release|Any CPU
	EndGlobalSection
	GlobalSection(ProjectConfigurationPlatforms) = postSolution
		{26181A15-F0A7-41A5-97E1-434434D47F50}.Debug|Any CPU.ActiveCfg = Debug|Any CPU
		{26181A15-F0A7-41A5-97E1-434434D47F50}.Debug|Any CPU.Build.0 = Debug|Any CPU
		{26181A15-F0A7-41A5-97E1-434434D47F50}.Release|Any CPU.ActiveCfg = Release|Any CPU
		{26181A15-F0A7-41A5-97E1-434434D47F50}.Release|Any CPU.Build.0 = Release|Any CPU
	EndGlobalSection
	GlobalSection(SolutionProperties) = preSolution
		HideSolutionNode = FALSE
	EndGlobalSection
	GlobalSection(ExtensibilityGlobals) = postSolution
		SolutionGuid = {E3E67E78-EEBD-4ACE-963B-0597C1CC3A87}
	EndGlobalSection
EndGlobal
